
Microsoft Visual Studio Solution File, Format Version 12.00
# Visual Studio Version 16
VisualStudioVersion = 16.0.29102.190
MinimumVisualStudioVersion = 10.0.40219.1
Project("{9A19103F-16F7-4668-BE54-9A1E7A4F7556}") = "MilitaryUnits", "MilitaryUnits.csproj", "{23882044-36E8-4329-A5FC-4992050C427B}"
EndProject
Global
	GlobalSection(SolutionConfigurationPlatforms) = preSolution
		Debug|Any CPU = Debug|Any CPU
		Release|Any CPU = Release|Any CPU
	EndGlobalSection
	GlobalSection(ProjectConfigurationPlatforms) = postSolution
		{23882044-36E8-4329-A5FC-4992050C427B}.Debug|Any CPU.ActiveCfg = Debug|Any CPU
		{23882044-36E8-4329-A5FC-4992050C427B}.Debug|Any CPU.Build.0 = Debug|Any CPU
		{23882044-36E8-4329-A5FC-4992050C427B}.Release|Any CPU.ActiveCfg = Release|Any CPU
		{23882044-36E8-4329-A5FC-4992050C427B}.Release|Any CPU.Build.0 = Release|Any CPU
	EndGlobalSection
	GlobalSection(SolutionProperties) = preSolution
		HideSolutionNode = FALSE
	EndGlobalSection
	GlobalSection(ExtensibilityGlobals) = postSolution
		SolutionGuid = {E17CF8C5-39AD-4A98-B0A7-261C6D3E8169}
	EndGlobalSection
EndGlobal
